
Microsoft Visual Studio Solution File, Format Version 12.00
# Visual Studio Version 16
VisualStudioVersion = 16.0.29519.87
MinimumVisualStudioVersion = 10.0.40219.1
Project("{9A19103F-16F7-4668-BE54-9A1E7A4F7556}") = "Trou", "Trou\Trou.csproj", "{818BC883-C5C2-4638-844F-48A68CEECE8D}"
EndProject
Project("{9A19103F-16F7-4668-BE54-9A1E7A4F7556}") = "TrouExample", "TrouExample\TrouExample.csproj", "{D5124A10-86EE-4904-B266-88F3A4AAD32A}"
EndProject
Global
	GlobalSection(SolutionConfigurationPlatforms) = preSolution
		Debug|Any CPU = Debug|Any CPU
		Release|Any CPU = Release|Any CPU
	EndGlobalSection
	GlobalSection(ProjectConfigurationPlatforms) = postSolution
		{818BC883-C5C2-4638-844F-48A68CEECE8D}.Debug|Any CPU.ActiveCfg = Debug|Any CPU
		{818BC883-C5C2-4638-844F-48A68CEECE8D}.Debug|Any CPU.Build.0 = Debug|Any CPU
		{818BC883-C5C2-4638-844F-48A68CEECE8D}.Release|Any CPU.ActiveCfg = Release|Any CPU
		{818BC883-C5C2-4638-844F-48A68CEECE8D}.Release|Any CPU.Build.0 = Release|Any CPU
		{D5124A10-86EE-4904-B266-88F3A4AAD32A}.Debug|Any CPU.ActiveCfg = Debug|Any CPU
		{D5124A10-86EE-4904-B266-88F3A4AAD32A}.Debug|Any CPU.Build.0 = Debug|Any CPU
		{D5124A10-86EE-4904-B266-88F3A4AAD32A}.Release|Any CPU.ActiveCfg = Release|Any CPU
		{D5124A10-86EE-4904-B266-88F3A4AAD32A}.Release|Any CPU.Build.0 = Release|Any CPU
	EndGlobalSection
	GlobalSection(SolutionProperties) = preSolution
		HideSolutionNode = FALSE
	EndGlobalSection
	GlobalSection(ExtensibilityGlobals) = postSolution
		SolutionGuid = {6C833C61-2A95-4808-A4FD-C44E78365717}
	EndGlobalSection
EndGlobal
